
Microsoft Visual Studio Solution File, Format Version 12.00
# Visual Studio Version 17
VisualStudioVersion = 17.3.32922.545
MinimumVisualStudioVersion = 10.0.40219.1
Project("{FAE04EC0-301F-11D3-BF4B-00C04F79EFBC}") = "DataAccess", "DataAccess\DataAccess.csproj", "{61CDB5DB-43B1-47FC-9EEB-55F97C0A0F3A}"
EndProject
Project("{FAE04EC0-301F-11D3-BF4B-00C04F79EFBC}") = "BusinessLogic", "BusinessLogic\BusinessLogic.csproj", "{921E0B1C-CBEE-478E-9F02-C94DEA214AB5}"
EndProject
Project("{FAE04EC0-301F-11D3-BF4B-00C04F79EFBC}") = "DTO", "DTO\DTO.csproj", "{C3457AC0-1EEE-4AA2-A4A1-02BB7381252B}"
EndProject
Project("{FAE04EC0-301F-11D3-BF4B-00C04F79EFBC}") = "PresentationWPF", "PresentationWPF\PresentationWPF.csproj", "{4DA9C178-30FF-4B1B-8204-2A7AD9B44E70}"
EndProject
Project("{FAE04EC0-301F-11D3-BF4B-00C04F79EFBC}") = "PresentationMVC", "PresentationMVC\PresentationMVC.csproj", "{C4CED057-2E21-4F4A-9875-91CB2A95356D}"
EndProject
Project("{FAE04EC0-301F-11D3-BF4B-00C04F79EFBC}") = "WebAPI", "WebAPI\WebAPI.csproj", "{076BF9FA-F6DE-4BA5-B1F1-C891CF8BB47F}"
EndProject
Global
	GlobalSection(SolutionConfigurationPlatforms) = preSolution
		Debug|Any CPU = Debug|Any CPU
		Release|Any CPU = Release|Any CPU
	EndGlobalSection
	GlobalSection(ProjectConfigurationPlatforms) = postSolution
		{61CDB5DB-43B1-47FC-9EEB-55F97C0A0F3A}.Debug|Any CPU.ActiveCfg = Debug|Any CPU
		{61CDB5DB-43B1-47FC-9EEB-55F97C0A0F3A}.Debug|Any CPU.Build.0 = Debug|Any CPU
		{61CDB5DB-43B1-47FC-9EEB-55F97C0A0F3A}.Release|Any CPU.ActiveCfg = Release|Any CPU
		{61CDB5DB-43B1-47FC-9EEB-55F97C0A0F3A}.Release|Any CPU.Build.0 = Release|Any CPU
		{921E0B1C-CBEE-478E-9F02-C94DEA214AB5}.Debug|Any CPU.ActiveCfg = Debug|Any CPU
		{921E0B1C-CBEE-478E-9F02-C94DEA214AB5}.Debug|Any CPU.Build.0 = Debug|Any CPU
		{921E0B1C-CBEE-478E-9F02-C94DEA214AB5}.Release|Any CPU.ActiveCfg = Release|Any CPU
		{921E0B1C-CBEE-478E-9F02-C94DEA214AB5}.Release|Any CPU.Build.0 = Release|Any CPU
		{C3457AC0-1EEE-4AA2-A4A1-02BB7381252B}.Debug|Any CPU.ActiveCfg = Debug|Any CPU
		{C3457AC0-1EEE-4AA2-A4A1-02BB7381252B}.Debug|Any CPU.Build.0 = Debug|Any CPU
		{C3457AC0-1EEE-4AA2-A4A1-02BB7381252B}.Release|Any CPU.ActiveCfg = Release|Any CPU
		{C3457AC0-1EEE-4AA2-A4A1-02BB7381252B}.Release|Any CPU.Build.0 = Release|Any CPU
		{4DA9C178-30FF-4B1B-8204-2A7AD9B44E70}.Debug|Any CPU.ActiveCfg = Debug|Any CPU
		{4DA9C178-30FF-4B1B-8204-2A7AD9B44E70}.Debug|Any CPU.Build.0 = Debug|Any CPU
		{4DA9C178-30FF-4B1B-8204-2A7AD9B44E70}.Release|Any CPU.ActiveCfg = Release|Any CPU
		{4DA9C178-30FF-4B1B-8204-2A7AD9B44E70}.Release|Any CPU.Build.0 = Release|Any CPU
		{C4CED057-2E21-4F4A-9875-91CB2A95356D}.Debug|Any CPU.ActiveCfg = Debug|Any CPU
		{C4CED057-2E21-4F4A-9875-91CB2A95356D}.Debug|Any CPU.Build.0 = Debug|Any CPU
		{C4CED057-2E21-4F4A-9875-91CB2A95356D}.Release|Any CPU.ActiveCfg = Release|Any CPU
		{C4CED057-2E21-4F4A-9875-91CB2A95356D}.Release|Any CPU.Build.0 = Release|Any CPU
		{076BF9FA-F6DE-4BA5-B1F1-C891CF8BB47F}.Debug|Any CPU.ActiveCfg = Debug|Any CPU
		{076BF9FA-F6DE-4BA5-B1F1-C891CF8BB47F}.Debug|Any CPU.Build.0 = Debug|Any CPU
		{076BF9FA-F6DE-4BA5-B1F1-C891CF8BB47F}.Release|Any CPU.ActiveCfg = Release|Any CPU
		{076BF9FA-F6DE-4BA5-B1F1-C891CF8BB47F}.Release|Any CPU.Build.0 = Release|Any CPU
	EndGlobalSection
	GlobalSection(SolutionProperties) = preSolution
		HideSolutionNode = FALSE
	EndGlobalSection
	GlobalSection(ExtensibilityGlobals) = postSolution
		SolutionGuid = {06209f48-c4c7-4a94-b043-844e26d0b48c}
	EndGlobalSection
EndGlobal
